
Microsoft Visual Studio Solution File, Format Version 12.00
# Visual Studio Version 17
VisualStudioVersion = 17.3.32819.101
MinimumVisualStudioVersion = 10.0.40219.1
Project("{FAE04EC0-301F-11D3-BF4B-00C04F79EFBC}") = "PingPongPractice", "PingPongPractice\PingPongPractice.csproj", "{F3DF1676-26BC-4423-BA37-5625EA891B9D}"
EndProject
Global
	GlobalSection(SolutionConfigurationPlatforms) = preSolution
		Debug|Any CPU = Debug|Any CPU
		Release|Any CPU = Release|Any CPU
	EndGlobalSection
	GlobalSection(ProjectConfigurationPlatforms) = postSolution
		{F3DF1676-26BC-4423-BA37-5625EA891B9D}.Debug|Any CPU.ActiveCfg = Debug|Any CPU
		{F3DF1676-26BC-4423-BA37-5625EA891B9D}.Debug|Any CPU.Build.0 = Debug|Any CPU
		{F3DF1676-26BC-4423-BA37-5625EA891B9D}.Release|Any CPU.ActiveCfg = Release|Any CPU
		{F3DF1676-26BC-4423-BA37-5625EA891B9D}.Release|Any CPU.Build.0 = Release|Any CPU
	EndGlobalSection
	GlobalSection(SolutionProperties) = preSolution
		HideSolutionNode = FALSE
	EndGlobalSection
	GlobalSection(ExtensibilityGlobals) = postSolution
		SolutionGuid = {58D904A0-7857-4FBD-AA11-BD3BCC54F2EB}
	EndGlobalSection
EndGlobal
