
Microsoft Visual Studio Solution File, Format Version 12.00
# Visual Studio Version 17
VisualStudioVersion = 17.3.32819.101
MinimumVisualStudioVersion = 10.0.40219.1
Project("{FAE04EC0-301F-11D3-BF4B-00C04F79EFBC}") = "Practice1", "Practice1\Practice1.csproj", "{5FE99A23-BF7C-4B0E-8254-12EAB530F4E3}"
EndProject
Global
	GlobalSection(SolutionConfigurationPlatforms) = preSolution
		Debug|Any CPU = Debug|Any CPU
		Release|Any CPU = Release|Any CPU
	EndGlobalSection
	GlobalSection(ProjectConfigurationPlatforms) = postSolution
		{5FE99A23-BF7C-4B0E-8254-12EAB530F4E3}.Debug|Any CPU.ActiveCfg = Debug|Any CPU
		{5FE99A23-BF7C-4B0E-8254-12EAB530F4E3}.Debug|Any CPU.Build.0 = Debug|Any CPU
		{5FE99A23-BF7C-4B0E-8254-12EAB530F4E3}.Release|Any CPU.ActiveCfg = Release|Any CPU
		{5FE99A23-BF7C-4B0E-8254-12EAB530F4E3}.Release|Any CPU.Build.0 = Release|Any CPU
	EndGlobalSection
	GlobalSection(SolutionProperties) = preSolution
		HideSolutionNode = FALSE
	EndGlobalSection
	GlobalSection(ExtensibilityGlobals) = postSolution
		SolutionGuid = {E32BDF91-94AD-4EE4-AF62-7FDD3DBCC359}
	EndGlobalSection
EndGlobal
