
Microsoft Visual Studio Solution File, Format Version 12.00
# Visual Studio Version 17
VisualStudioVersion = 17.3.32819.101
MinimumVisualStudioVersion = 10.0.40219.1
Project("{FAE04EC0-301F-11D3-BF4B-00C04F79EFBC}") = "testPong", "testPong\testPong.csproj", "{83396F14-37CD-4867-BA83-2FACF1B13178}"
EndProject
Global
	GlobalSection(SolutionConfigurationPlatforms) = preSolution
		Debug|Any CPU = Debug|Any CPU
		Release|Any CPU = Release|Any CPU
	EndGlobalSection
	GlobalSection(ProjectConfigurationPlatforms) = postSolution
		{83396F14-37CD-4867-BA83-2FACF1B13178}.Debug|Any CPU.ActiveCfg = Debug|Any CPU
		{83396F14-37CD-4867-BA83-2FACF1B13178}.Debug|Any CPU.Build.0 = Debug|Any CPU
		{83396F14-37CD-4867-BA83-2FACF1B13178}.Release|Any CPU.ActiveCfg = Release|Any CPU
		{83396F14-37CD-4867-BA83-2FACF1B13178}.Release|Any CPU.Build.0 = Release|Any CPU
	EndGlobalSection
	GlobalSection(SolutionProperties) = preSolution
		HideSolutionNode = FALSE
	EndGlobalSection
	GlobalSection(ExtensibilityGlobals) = postSolution
		SolutionGuid = {DFD303B2-2293-4955-91CC-6EFDFD100D14}
	EndGlobalSection
EndGlobal
