
Microsoft Visual Studio Solution File, Format Version 12.00
# Visual Studio Version 17
VisualStudioVersion = 17.3.32819.101
MinimumVisualStudioVersion = 10.0.40219.1
Project("{FAE04EC0-301F-11D3-BF4B-00C04F79EFBC}") = "DMIT1514_Lab4_Kiana_Leslie", "DMIT1514_Lab4_Kiana_Leslie\DMIT1514_Lab4_Kiana_Leslie.csproj", "{E77B1B57-BD36-4285-83DB-269FA893A866}"
EndProject
Global
	GlobalSection(SolutionConfigurationPlatforms) = preSolution
		Debug|Any CPU = Debug|Any CPU
		Release|Any CPU = Release|Any CPU
	EndGlobalSection
	GlobalSection(ProjectConfigurationPlatforms) = postSolution
		{E77B1B57-BD36-4285-83DB-269FA893A866}.Debug|Any CPU.ActiveCfg = Debug|Any CPU
		{E77B1B57-BD36-4285-83DB-269FA893A866}.Debug|Any CPU.Build.0 = Debug|Any CPU
		{E77B1B57-BD36-4285-83DB-269FA893A866}.Release|Any CPU.ActiveCfg = Release|Any CPU
		{E77B1B57-BD36-4285-83DB-269FA893A866}.Release|Any CPU.Build.0 = Release|Any CPU
	EndGlobalSection
	GlobalSection(SolutionProperties) = preSolution
		HideSolutionNode = FALSE
	EndGlobalSection
	GlobalSection(ExtensibilityGlobals) = postSolution
		SolutionGuid = {8010B512-B6B3-4C55-9406-5BBE36A36062}
	EndGlobalSection
EndGlobal
